
Microsoft Visual Studio Solution File, Format Version 12.00
# Visual Studio 14
VisualStudioVersion = 14.0.25420.1
MinimumVisualStudioVersion = 10.0.40219.1
Project("{2150E333-8FDC-42A3-9474-1A3956D46DE8}") = "Src", "Src", "{04F2C707-AB7F-4EAC-BEE9-6BCB08A557DA}"
EndProject
Project("{2150E333-8FDC-42A3-9474-1A3956D46DE8}") = "Example", "Example", "{7ABA2795-6B0C-4848-8207-AE9A9ED7BF54}"
EndProject
Project("{2150E333-8FDC-42A3-9474-1A3956D46DE8}") = "Documents", "Documents", "{6771D563-7CEE-4228-B323-581FDA1C9D82}"
	ProjectSection(SolutionItems) = preProject
		Documents\Border.md = Documents\Border.md
		Documents\CheckBox.md = Documents\CheckBox.md
		Documents\CircleBox.md = Documents\CircleBox.md
		Documents\DataPicker.md = Documents\DataPicker.md
		Documents\Flip.md = Documents\Flip.md
		FontIcon.md = FontIcon.md
		Documents\FontIcon.md = Documents\FontIcon.md
		Documents\Index.md = Documents\Index.md
		Documents\Marquee.md = Documents\Marquee.md
		Documents\Radio.md = Documents\Radio.md
		Documents\RadioButtonGroup.md = Documents\RadioButtonGroup.md
		Documents\RadioGroup.md = Documents\RadioGroup.md
		Documents\RadioGroupBase.md = Documents\RadioGroupBase.md
		Documents\Stepper.md = Documents\Stepper.md
		Documents\TabView.md = Documents\TabView.md
	EndProjectSection
EndProject
Project("{FAE04EC0-301F-11D3-BF4B-00C04F79EFBC}") = "AsNum.XFControls", "Src\AsNum.XFControls\AsNum.XFControls.csproj", "{09EE72BC-022B-4C66-B805-706B9B90332D}"
EndProject
Project("{FAE04EC0-301F-11D3-BF4B-00C04F79EFBC}") = "AsNum.XFControls.Droid", "Src\AsNum.Control.Droid\AsNum.XFControls.Droid.csproj", "{42808417-9C5A-4CEC-9130-C7BA49A6BEB4}"
EndProject
Project("{FAE04EC0-301F-11D3-BF4B-00C04F79EFBC}") = "AsNum.XFControls.iOS", "Src\AsNum.XFControls.iOS\AsNum.XFControls.iOS.csproj", "{1E95F6AA-4768-4EB5-A363-2773BAEE0178}"
EndProject
Project("{FAE04EC0-301F-11D3-BF4B-00C04F79EFBC}") = "Example", "Example\Example\Example.csproj", "{A6F3639E-F455-4882-9225-87602B537500}"
EndProject
Project("{FAE04EC0-301F-11D3-BF4B-00C04F79EFBC}") = "Example.Droid", "Example\Example.Droid\Example.Droid.csproj", "{69CCECAB-933B-45E3-9757-F9AE209C875C}"
EndProject
Project("{FAE04EC0-301F-11D3-BF4B-00C04F79EFBC}") = "Example.iOS", "Example\Example.iOS\Example.iOS.csproj", "{D2323608-E14F-4B8D-8A13-B7A893511AD0}"
EndProject
Project("{FAE04EC0-301F-11D3-BF4B-00C04F79EFBC}") = "Example.WinPhone", "Example\Example.WinPhone\Example.WinPhone.csproj", "{CF8A6027-7BC4-4AC4-AB62-DD8E49C1ABA8}"
EndProject
Project("{FAE04EC0-301F-11D3-BF4B-00C04F79EFBC}") = "Example.UWP", "Example\Example.UWP\Example.UWP.csproj", "{44D520E4-4852-470C-8987-51051563F750}"
EndProject
Project("{FAE04EC0-301F-11D3-BF4B-00C04F79EFBC}") = "Example.Windows", "Example\Example.Windows\Example.Windows.csproj", "{CD8E06C4-85D2-4205-A38C-799B4CF198D5}"
EndProject
Global
	GlobalSection(SolutionConfigurationPlatforms) = preSolution
		Ad-Hoc|Any CPU = Ad-Hoc|Any CPU
		Ad-Hoc|ARM = Ad-Hoc|ARM
		Ad-Hoc|iPhone = Ad-Hoc|iPhone
		Ad-Hoc|iPhoneSimulator = Ad-Hoc|iPhoneSimulator
		Ad-Hoc|x64 = Ad-Hoc|x64
		Ad-Hoc|x86 = Ad-Hoc|x86
		AppStore|Any CPU = AppStore|Any CPU
		AppStore|ARM = AppStore|ARM
		AppStore|iPhone = AppStore|iPhone
		AppStore|iPhoneSimulator = AppStore|iPhoneSimulator
		AppStore|x64 = AppStore|x64
		AppStore|x86 = AppStore|x86
		Debug|Any CPU = Debug|Any CPU
		Debug|ARM = Debug|ARM
		Debug|iPhone = Debug|iPhone
		Debug|iPhoneSimulator = Debug|iPhoneSimulator
		Debug|x64 = Debug|x64
		Debug|x86 = Debug|x86
		Release|Any CPU = Release|Any CPU
		Release|ARM = Release|ARM
		Release|iPhone = Release|iPhone
		Release|iPhoneSimulator = Release|iPhoneSimulator
		Release|x64 = Release|x64
		Release|x86 = Release|x86
	EndGlobalSection
	GlobalSection(ProjectConfigurationPlatforms) = postSolution
		{09EE72BC-022B-4C66-B805-706B9B90332D}.Ad-Hoc|Any CPU.ActiveCfg = Release|Any CPU
		{09EE72BC-022B-4C66-B805-706B9B90332D}.Ad-Hoc|Any CPU.Build.0 = Release|Any CPU
		{09EE72BC-022B-4C66-B805-706B9B90332D}.Ad-Hoc|ARM.ActiveCfg = Release|Any CPU
		{09EE72BC-022B-4C66-B805-706B9B90332D}.Ad-Hoc|ARM.Build.0 = Release|Any CPU
		{09EE72BC-022B-4C66-B805-706B9B90332D}.Ad-Hoc|iPhone.ActiveCfg = Release|Any CPU
		{09EE72BC-022B-4C66-B805-706B9B90332D}.Ad-Hoc|iPhone.Build.0 = Release|Any CPU
		{09EE72BC-022B-4C66-B805-706B9B90332D}.Ad-Hoc|iPhoneSimulator.ActiveCfg = Release|Any CPU
		{09EE72BC-022B-4C66-B805-706B9B90332D}.Ad-Hoc|iPhoneSimulator.Build.0 = Release|Any CPU
		{09EE72BC-022B-4C66-B805-706B9B90332D}.Ad-Hoc|x64.ActiveCfg = Release|Any CPU
		{09EE72BC-022B-4C66-B805-706B9B90332D}.Ad-Hoc|x64.Build.0 = Release|Any CPU
		{09EE72BC-022B-4C66-B805-706B9B90332D}.Ad-Hoc|x86.ActiveCfg = Release|Any CPU
		{09EE72BC-022B-4C66-B805-706B9B90332D}.Ad-Hoc|x86.Build.0 = Release|Any CPU
		{09EE72BC-022B-4C66-B805-706B9B90332D}.AppStore|Any CPU.ActiveCfg = Release|Any CPU
		{09EE72BC-022B-4C66-B805-706B9B90332D}.AppStore|Any CPU.Build.0 = Release|Any CPU
		{09EE72BC-022B-4C66-B805-706B9B90332D}.AppStore|ARM.ActiveCfg = Release|Any CPU
		{09EE72BC-022B-4C66-B805-706B9B90332D}.AppStore|ARM.Build.0 = Release|Any CPU
		{09EE72BC-022B-4C66-B805-706B9B90332D}.AppStore|iPhone.ActiveCfg = Release|Any CPU
		{09EE72BC-022B-4C66-B805-706B9B90332D}.AppStore|iPhone.Build.0 = Release|Any CPU
		{09EE72BC-022B-4C66-B805-706B9B90332D}.AppStore|iPhoneSimulator.ActiveCfg = Release|Any CPU
		{09EE72BC-022B-4C66-B805-706B9B90332D}.AppStore|iPhoneSimulator.Build.0 = Release|Any CPU
		{09EE72BC-022B-4C66-B805-706B9B90332D}.AppStore|x64.ActiveCfg = Release|Any CPU
		{09EE72BC-022B-4C66-B805-706B9B90332D}.AppStore|x64.Build.0 = Release|Any CPU
		{09EE72BC-022B-4C66-B805-706B9B90332D}.AppStore|x86.ActiveCfg = Release|Any CPU
		{09EE72BC-022B-4C66-B805-706B9B90332D}.AppStore|x86.Build.0 = Release|Any CPU
		{09EE72BC-022B-4C66-B805-706B9B90332D}.Debug|Any CPU.ActiveCfg = Debug|Any CPU
		{09EE72BC-022B-4C66-B805-706B9B90332D}.Debug|Any CPU.Build.0 = Debug|Any CPU
		{09EE72BC-022B-4C66-B805-706B9B90332D}.Debug|ARM.ActiveCfg = Debug|Any CPU
		{09EE72BC-022B-4C66-B805-706B9B90332D}.Debug|ARM.Build.0 = Debug|Any CPU
		{09EE72BC-022B-4C66-B805-706B9B90332D}.Debug|iPhone.ActiveCfg = Debug|Any CPU
		{09EE72BC-022B-4C66-B805-706B9B90332D}.Debug|iPhone.Build.0 = Debug|Any CPU
		{09EE72BC-022B-4C66-B805-706B9B90332D}.Debug|iPhoneSimulator.ActiveCfg = Debug|Any CPU
		{09EE72BC-022B-4C66-B805-706B9B90332D}.Debug|iPhoneSimulator.Build.0 = Debug|Any CPU
		{09EE72BC-022B-4C66-B805-706B9B90332D}.Debug|x64.ActiveCfg = Debug|Any CPU
		{09EE72BC-022B-4C66-B805-706B9B90332D}.Debug|x64.Build.0 = Debug|Any CPU
		{09EE72BC-022B-4C66-B805-706B9B90332D}.Debug|x86.ActiveCfg = Debug|Any CPU
		{09EE72BC-022B-4C66-B805-706B9B90332D}.Debug|x86.Build.0 = Debug|Any CPU
		{09EE72BC-022B-4C66-B805-706B9B90332D}.Release|Any CPU.ActiveCfg = Release|Any CPU
		{09EE72BC-022B-4C66-B805-706B9B90332D}.Release|Any CPU.Build.0 = Release|Any CPU
		{09EE72BC-022B-4C66-B805-706B9B90332D}.Release|ARM.ActiveCfg = Release|Any CPU
		{09EE72BC-022B-4C66-B805-706B9B90332D}.Release|ARM.Build.0 = Release|Any CPU
		{09EE72BC-022B-4C66-B805-706B9B90332D}.Release|iPhone.ActiveCfg = Release|Any CPU
		{09EE72BC-022B-4C66-B805-706B9B90332D}.Release|iPhone.Build.0 = Release|Any CPU
		{09EE72BC-022B-4C66-B805-706B9B90332D}.Release|iPhoneSimulator.ActiveCfg = Release|Any CPU
		{09EE72BC-022B-4C66-B805-706B9B90332D}.Release|iPhoneSimulator.Build.0 = Release|Any CPU
		{09EE72BC-022B-4C66-B805-706B9B90332D}.Release|x64.ActiveCfg = Release|Any CPU
		{09EE72BC-022B-4C66-B805-706B9B90332D}.Release|x64.Build.0 = Release|Any CPU
		{09EE72BC-022B-4C66-B805-706B9B90332D}.Release|x86.ActiveCfg = Release|Any CPU
		{09EE72BC-022B-4C66-B805-706B9B90332D}.Release|x86.Build.0 = Release|Any CPU
		{42808417-9C5A-4CEC-9130-C7BA49A6BEB4}.Ad-Hoc|Any CPU.ActiveCfg = Release|Any CPU
		{42808417-9C5A-4CEC-9130-C7BA49A6BEB4}.Ad-Hoc|Any CPU.Build.0 = Release|Any CPU
		{42808417-9C5A-4CEC-9130-C7BA49A6BEB4}.Ad-Hoc|ARM.ActiveCfg = Release|Any CPU
		{42808417-9C5A-4CEC-9130-C7BA49A6BEB4}.Ad-Hoc|ARM.Build.0 = Release|Any CPU
		{42808417-9C5A-4CEC-9130-C7BA49A6BEB4}.Ad-Hoc|iPhone.ActiveCfg = Release|Any CPU
		{42808417-9C5A-4CEC-9130-C7BA49A6BEB4}.Ad-Hoc|iPhone.Build.0 = Release|Any CPU
		{42808417-9C5A-4CEC-9130-C7BA49A6BEB4}.Ad-Hoc|iPhoneSimulator.ActiveCfg = Release|Any CPU
		{42808417-9C5A-4CEC-9130-C7BA49A6BEB4}.Ad-Hoc|iPhoneSimulator.Build.0 = Release|Any CPU
		{42808417-9C5A-4CEC-9130-C7BA49A6BEB4}.Ad-Hoc|x64.ActiveCfg = Release|Any CPU
		{42808417-9C5A-4CEC-9130-C7BA49A6BEB4}.Ad-Hoc|x64.Build.0 = Release|Any CPU
		{42808417-9C5A-4CEC-9130-C7BA49A6BEB4}.Ad-Hoc|x86.ActiveCfg = Release|Any CPU
		{42808417-9C5A-4CEC-9130-C7BA49A6BEB4}.Ad-Hoc|x86.Build.0 = Release|Any CPU
		{42808417-9C5A-4CEC-9130-C7BA49A6BEB4}.AppStore|Any CPU.ActiveCfg = Release|Any CPU
		{42808417-9C5A-4CEC-9130-C7BA49A6BEB4}.AppStore|Any CPU.Build.0 = Release|Any CPU
		{42808417-9C5A-4CEC-9130-C7BA49A6BEB4}.AppStore|ARM.ActiveCfg = Release|Any CPU
		{42808417-9C5A-4CEC-9130-C7BA49A6BEB4}.AppStore|ARM.Build.0 = Release|Any CPU
		{42808417-9C5A-4CEC-9130-C7BA49A6BEB4}.AppStore|iPhone.ActiveCfg = Release|Any CPU
		{42808417-9C5A-4CEC-9130-C7BA49A6BEB4}.AppStore|iPhone.Build.0 = Release|Any CPU
		{42808417-9C5A-4CEC-9130-C7BA49A6BEB4}.AppStore|iPhoneSimulator.ActiveCfg = Release|Any CPU
		{42808417-9C5A-4CEC-9130-C7BA49A6BEB4}.AppStore|iPhoneSimulator.Build.0 = Release|Any CPU
		{42808417-9C5A-4CEC-9130-C7BA49A6BEB4}.AppStore|x64.ActiveCfg = Release|Any CPU
		{42808417-9C5A-4CEC-9130-C7BA49A6BEB4}.AppStore|x64.Build.0 = Release|Any CPU
		{42808417-9C5A-4CEC-9130-C7BA49A6BEB4}.AppStore|x86.ActiveCfg = Release|Any CPU
		{42808417-9C5A-4CEC-9130-C7BA49A6BEB4}.AppStore|x86.Build.0 = Release|Any CPU
		{42808417-9C5A-4CEC-9130-C7BA49A6BEB4}.Debug|Any CPU.ActiveCfg = Debug|Any CPU
		{42808417-9C5A-4CEC-9130-C7BA49A6BEB4}.Debug|Any CPU.Build.0 = Debug|Any CPU
		{42808417-9C5A-4CEC-9130-C7BA49A6BEB4}.Debug|ARM.ActiveCfg = Debug|Any CPU
		{42808417-9C5A-4CEC-9130-C7BA49A6BEB4}.Debug|ARM.Build.0 = Debug|Any CPU
		{42808417-9C5A-4CEC-9130-C7BA49A6BEB4}.Debug|iPhone.ActiveCfg = Debug|Any CPU
		{42808417-9C5A-4CEC-9130-C7BA49A6BEB4}.Debug|iPhone.Build.0 = Debug|Any CPU
		{42808417-9C5A-4CEC-9130-C7BA49A6BEB4}.Debug|iPhoneSimulator.ActiveCfg = Debug|Any CPU
		{42808417-9C5A-4CEC-9130-C7BA49A6BEB4}.Debug|iPhoneSimulator.Build.0 = Debug|Any CPU
		{42808417-9C5A-4CEC-9130-C7BA49A6BEB4}.Debug|x64.ActiveCfg = Debug|Any CPU
		{42808417-9C5A-4CEC-9130-C7BA49A6BEB4}.Debug|x64.Build.0 = Debug|Any CPU
		{42808417-9C5A-4CEC-9130-C7BA49A6BEB4}.Debug|x86.ActiveCfg = Debug|Any CPU
		{42808417-9C5A-4CEC-9130-C7BA49A6BEB4}.Debug|x86.Build.0 = Debug|Any CPU
		{42808417-9C5A-4CEC-9130-C7BA49A6BEB4}.Release|Any CPU.ActiveCfg = Release|Any CPU
		{42808417-9C5A-4CEC-9130-C7BA49A6BEB4}.Release|Any CPU.Build.0 = Release|Any CPU
		{42808417-9C5A-4CEC-9130-C7BA49A6BEB4}.Release|ARM.ActiveCfg = Release|Any CPU
		{42808417-9C5A-4CEC-9130-C7BA49A6BEB4}.Release|ARM.Build.0 = Release|Any CPU
		{42808417-9C5A-4CEC-9130-C7BA49A6BEB4}.Release|iPhone.ActiveCfg = Release|Any CPU
		{42808417-9C5A-4CEC-9130-C7BA49A6BEB4}.Release|iPhone.Build.0 = Release|Any CPU
		{42808417-9C5A-4CEC-9130-C7BA49A6BEB4}.Release|iPhoneSimulator.ActiveCfg = Release|Any CPU
		{42808417-9C5A-4CEC-9130-C7BA49A6BEB4}.Release|iPhoneSimulator.Build.0 = Release|Any CPU
		{42808417-9C5A-4CEC-9130-C7BA49A6BEB4}.Release|x64.ActiveCfg = Release|Any CPU
		{42808417-9C5A-4CEC-9130-C7BA49A6BEB4}.Release|x64.Build.0 = Release|Any CPU
		{42808417-9C5A-4CEC-9130-C7BA49A6BEB4}.Release|x86.ActiveCfg = Release|Any CPU
		{42808417-9C5A-4CEC-9130-C7BA49A6BEB4}.Release|x86.Build.0 = Release|Any CPU
		{1E95F6AA-4768-4EB5-A363-2773BAEE0178}.Ad-Hoc|Any CPU.ActiveCfg = Release|Any CPU
		{1E95F6AA-4768-4EB5-A363-2773BAEE0178}.Ad-Hoc|Any CPU.Build.0 = Release|Any CPU
		{1E95F6AA-4768-4EB5-A363-2773BAEE0178}.Ad-Hoc|ARM.ActiveCfg = Release|Any CPU
		{1E95F6AA-4768-4EB5-A363-2773BAEE0178}.Ad-Hoc|ARM.Build.0 = Release|Any CPU
		{1E95F6AA-4768-4EB5-A363-2773BAEE0178}.Ad-Hoc|iPhone.ActiveCfg = Release|Any CPU
		{1E95F6AA-4768-4EB5-A363-2773BAEE0178}.Ad-Hoc|iPhone.Build.0 = Release|Any CPU
		{1E95F6AA-4768-4EB5-A363-2773BAEE0178}.Ad-Hoc|iPhoneSimulator.ActiveCfg = Release|Any CPU
		{1E95F6AA-4768-4EB5-A363-2773BAEE0178}.Ad-Hoc|iPhoneSimulator.Build.0 = Release|Any CPU
		{1E95F6AA-4768-4EB5-A363-2773BAEE0178}.Ad-Hoc|x64.ActiveCfg = Release|Any CPU
		{1E95F6AA-4768-4EB5-A363-2773BAEE0178}.Ad-Hoc|x64.Build.0 = Release|Any CPU
		{1E95F6AA-4768-4EB5-A363-2773BAEE0178}.Ad-Hoc|x86.ActiveCfg = Release|Any CPU
		{1E95F6AA-4768-4EB5-A363-2773BAEE0178}.Ad-Hoc|x86.Build.0 = Release|Any CPU
		{1E95F6AA-4768-4EB5-A363-2773BAEE0178}.AppStore|Any CPU.ActiveCfg = Release|Any CPU
		{1E95F6AA-4768-4EB5-A363-2773BAEE0178}.AppStore|Any CPU.Build.0 = Release|Any CPU
		{1E95F6AA-4768-4EB5-A363-2773BAEE0178}.AppStore|ARM.ActiveCfg = Release|Any CPU
		{1E95F6AA-4768-4EB5-A363-2773BAEE0178}.AppStore|ARM.Build.0 = Release|Any CPU
		{1E95F6AA-4768-4EB5-A363-2773BAEE0178}.AppStore|iPhone.ActiveCfg = Release|Any CPU
		{1E95F6AA-4768-4EB5-A363-2773BAEE0178}.AppStore|iPhone.Build.0 = Release|Any CPU
		{1E95F6AA-4768-4EB5-A363-2773BAEE0178}.AppStore|iPhoneSimulator.ActiveCfg = Release|Any CPU
		{1E95F6AA-4768-4EB5-A363-2773BAEE0178}.AppStore|iPhoneSimulator.Build.0 = Release|Any CPU
		{1E95F6AA-4768-4EB5-A363-2773BAEE0178}.AppStore|x64.ActiveCfg = Release|Any CPU
		{1E95F6AA-4768-4EB5-A363-2773BAEE0178}.AppStore|x64.Build.0 = Release|Any CPU
		{1E95F6AA-4768-4EB5-A363-2773BAEE0178}.AppStore|x86.ActiveCfg = Release|Any CPU
		{1E95F6AA-4768-4EB5-A363-2773BAEE0178}.AppStore|x86.Build.0 = Release|Any CPU
		{1E95F6AA-4768-4EB5-A363-2773BAEE0178}.Debug|Any CPU.ActiveCfg = Debug|Any CPU
		{1E95F6AA-4768-4EB5-A363-2773BAEE0178}.Debug|Any CPU.Build.0 = Debug|Any CPU
		{1E95F6AA-4768-4EB5-A363-2773BAEE0178}.Debug|ARM.ActiveCfg = Debug|Any CPU
		{1E95F6AA-4768-4EB5-A363-2773BAEE0178}.Debug|ARM.Build.0 = Debug|Any CPU
		{1E95F6AA-4768-4EB5-A363-2773BAEE0178}.Debug|iPhone.ActiveCfg = Debug|Any CPU
		{1E95F6AA-4768-4EB5-A363-2773BAEE0178}.Debug|iPhone.Build.0 = Debug|Any CPU
		{1E95F6AA-4768-4EB5-A363-2773BAEE0178}.Debug|iPhoneSimulator.ActiveCfg = Debug|Any CPU
		{1E95F6AA-4768-4EB5-A363-2773BAEE0178}.Debug|iPhoneSimulator.Build.0 = Debug|Any CPU
		{1E95F6AA-4768-4EB5-A363-2773BAEE0178}.Debug|x64.ActiveCfg = Debug|Any CPU
		{1E95F6AA-4768-4EB5-A363-2773BAEE0178}.Debug|x64.Build.0 = Debug|Any CPU
		{1E95F6AA-4768-4EB5-A363-2773BAEE0178}.Debug|x86.ActiveCfg = Debug|Any CPU
		{1E95F6AA-4768-4EB5-A363-2773BAEE0178}.Debug|x86.Build.0 = Debug|Any CPU
		{1E95F6AA-4768-4EB5-A363-2773BAEE0178}.Release|Any CPU.ActiveCfg = Release|Any CPU
		{1E95F6AA-4768-4EB5-A363-2773BAEE0178}.Release|Any CPU.Build.0 = Release|Any CPU
		{1E95F6AA-4768-4EB5-A363-2773BAEE0178}.Release|ARM.ActiveCfg = Release|Any CPU
		{1E95F6AA-4768-4EB5-A363-2773BAEE0178}.Release|ARM.Build.0 = Release|Any CPU
		{1E95F6AA-4768-4EB5-A363-2773BAEE0178}.Release|iPhone.ActiveCfg = Release|Any CPU
		{1E95F6AA-4768-4EB5-A363-2773BAEE0178}.Release|iPhone.Build.0 = Release|Any CPU
		{1E95F6AA-4768-4EB5-A363-2773BAEE0178}.Release|iPhoneSimulator.ActiveCfg = Release|Any CPU
		{1E95F6AA-4768-4EB5-A363-2773BAEE0178}.Release|iPhoneSimulator.Build.0 = Release|Any CPU
		{1E95F6AA-4768-4EB5-A363-2773BAEE0178}.Release|x64.ActiveCfg = Release|Any CPU
		{1E95F6AA-4768-4EB5-A363-2773BAEE0178}.Release|x64.Build.0 = Release|Any CPU
		{1E95F6AA-4768-4EB5-A363-2773BAEE0178}.Release|x86.ActiveCfg = Release|Any CPU
		{1E95F6AA-4768-4EB5-A363-2773BAEE0178}.Release|x86.Build.0 = Release|Any CPU
		{A6F3639E-F455-4882-9225-87602B537500}.Ad-Hoc|Any CPU.ActiveCfg = Release|Any CPU
		{A6F3639E-F455-4882-9225-87602B537500}.Ad-Hoc|Any CPU.Build.0 = Release|Any CPU
		{A6F3639E-F455-4882-9225-87602B537500}.Ad-Hoc|ARM.ActiveCfg = Release|Any CPU
		{A6F3639E-F455-4882-9225-87602B537500}.Ad-Hoc|ARM.Build.0 = Release|Any CPU
		{A6F3639E-F455-4882-9225-87602B537500}.Ad-Hoc|iPhone.ActiveCfg = Release|Any CPU
		{A6F3639E-F455-4882-9225-87602B537500}.Ad-Hoc|iPhone.Build.0 = Release|Any CPU
		{A6F3639E-F455-4882-9225-87602B537500}.Ad-Hoc|iPhoneSimulator.ActiveCfg = Release|Any CPU
		{A6F3639E-F455-4882-9225-87602B537500}.Ad-Hoc|iPhoneSimulator.Build.0 = Release|Any CPU
		{A6F3639E-F455-4882-9225-87602B537500}.Ad-Hoc|x64.ActiveCfg = Release|Any CPU
		{A6F3639E-F455-4882-9225-87602B537500}.Ad-Hoc|x64.Build.0 = Release|Any CPU
		{A6F3639E-F455-4882-9225-87602B537500}.Ad-Hoc|x86.ActiveCfg = Release|Any CPU
		{A6F3639E-F455-4882-9225-87602B537500}.Ad-Hoc|x86.Build.0 = Release|Any CPU
		{A6F3639E-F455-4882-9225-87602B537500}.AppStore|Any CPU.ActiveCfg = Release|Any CPU
		{A6F3639E-F455-4882-9225-87602B537500}.AppStore|Any CPU.Build.0 = Release|Any CPU
		{A6F3639E-F455-4882-9225-87602B537500}.AppStore|ARM.ActiveCfg = Release|Any CPU
		{A6F3639E-F455-4882-9225-87602B537500}.AppStore|ARM.Build.0 = Release|Any CPU
		{A6F3639E-F455-4882-9225-87602B537500}.AppStore|iPhone.ActiveCfg = Release|Any CPU
		{A6F3639E-F455-4882-9225-87602B537500}.AppStore|iPhone.Build.0 = Release|Any CPU
		{A6F3639E-F455-4882-9225-87602B537500}.AppStore|iPhoneSimulator.ActiveCfg = Release|Any CPU
		{A6F3639E-F455-4882-9225-87602B537500}.AppStore|iPhoneSimulator.Build.0 = Release|Any CPU
		{A6F3639E-F455-4882-9225-87602B537500}.AppStore|x64.ActiveCfg = Release|Any CPU
		{A6F3639E-F455-4882-9225-87602B537500}.AppStore|x64.Build.0 = Release|Any CPU
		{A6F3639E-F455-4882-9225-87602B537500}.AppStore|x86.ActiveCfg = Release|Any CPU
		{A6F3639E-F455-4882-9225-87602B537500}.AppStore|x86.Build.0 = Release|Any CPU
		{A6F3639E-F455-4882-9225-87602B537500}.Debug|Any CPU.ActiveCfg = Debug|Any CPU
		{A6F3639E-F455-4882-9225-87602B537500}.Debug|Any CPU.Build.0 = Debug|Any CPU
		{A6F3639E-F455-4882-9225-87602B537500}.Debug|ARM.ActiveCfg = Debug|Any CPU
		{A6F3639E-F455-4882-9225-87602B537500}.Debug|ARM.Build.0 = Debug|Any CPU
		{A6F3639E-F455-4882-9225-87602B537500}.Debug|iPhone.ActiveCfg = Debug|Any CPU
		{A6F3639E-F455-4882-9225-87602B537500}.Debug|iPhone.Build.0 = Debug|Any CPU
		{A6F3639E-F455-4882-9225-87602B537500}.Debug|iPhoneSimulator.ActiveCfg = Debug|Any CPU
		{A6F3639E-F455-4882-9225-87602B537500}.Debug|iPhoneSimulator.Build.0 = Debug|Any CPU
		{A6F3639E-F455-4882-9225-87602B537500}.Debug|x64.ActiveCfg = Debug|Any CPU
		{A6F3639E-F455-4882-9225-87602B537500}.Debug|x64.Build.0 = Debug|Any CPU
		{A6F3639E-F455-4882-9225-87602B537500}.Debug|x86.ActiveCfg = Debug|Any CPU
		{A6F3639E-F455-4882-9225-87602B537500}.Debug|x86.Build.0 = Debug|Any CPU
		{A6F3639E-F455-4882-9225-87602B537500}.Release|Any CPU.ActiveCfg = Release|Any CPU
		{A6F3639E-F455-4882-9225-87602B537500}.Release|Any CPU.Build.0 = Release|Any CPU
		{A6F3639E-F455-4882-9225-87602B537500}.Release|ARM.ActiveCfg = Release|Any CPU
		{A6F3639E-F455-4882-9225-87602B537500}.Release|ARM.Build.0 = Release|Any CPU
		{A6F3639E-F455-4882-9225-87602B537500}.Release|iPhone.ActiveCfg = Release|Any CPU
		{A6F3639E-F455-4882-9225-87602B537500}.Release|iPhone.Build.0 = Release|Any CPU
		{A6F3639E-F455-4882-9225-87602B537500}.Release|iPhoneSimulator.ActiveCfg = Release|Any CPU
		{A6F3639E-F455-4882-9225-87602B537500}.Release|iPhoneSimulator.Build.0 = Release|Any CPU
		{A6F3639E-F455-4882-9225-87602B537500}.Release|x64.ActiveCfg = Release|Any CPU
		{A6F3639E-F455-4882-9225-87602B537500}.Release|x64.Build.0 = Release|Any CPU
		{A6F3639E-F455-4882-9225-87602B537500}.Release|x86.ActiveCfg = Release|Any CPU
		{A6F3639E-F455-4882-9225-87602B537500}.Release|x86.Build.0 = Release|Any CPU
		{69CCECAB-933B-45E3-9757-F9AE209C875C}.Ad-Hoc|Any CPU.ActiveCfg = Release|Any CPU
		{69CCECAB-933B-45E3-9757-F9AE209C875C}.Ad-Hoc|Any CPU.Build.0 = Release|Any CPU
		{69CCECAB-933B-45E3-9757-F9AE209C875C}.Ad-Hoc|Any CPU.Deploy.0 = Release|Any CPU
		{69CCECAB-933B-45E3-9757-F9AE209C875C}.Ad-Hoc|ARM.ActiveCfg = Release|Any CPU
		{69CCECAB-933B-45E3-9757-F9AE209C875C}.Ad-Hoc|ARM.Build.0 = Release|Any CPU
		{69CCECAB-933B-45E3-9757-F9AE209C875C}.Ad-Hoc|ARM.Deploy.0 = Release|Any CPU
		{69CCECAB-933B-45E3-9757-F9AE209C875C}.Ad-Hoc|iPhone.ActiveCfg = Release|Any CPU
		{69CCECAB-933B-45E3-9757-F9AE209C875C}.Ad-Hoc|iPhone.Build.0 = Release|Any CPU
		{69CCECAB-933B-45E3-9757-F9AE209C875C}.Ad-Hoc|iPhone.Deploy.0 = Release|Any CPU
		{69CCECAB-933B-45E3-9757-F9AE209C875C}.Ad-Hoc|iPhoneSimulator.ActiveCfg = Release|Any CPU
		{69CCECAB-933B-45E3-9757-F9AE209C875C}.Ad-Hoc|iPhoneSimulator.Build.0 = Release|Any CPU
		{69CCECAB-933B-45E3-9757-F9AE209C875C}.Ad-Hoc|iPhoneSimulator.Deploy.0 = Release|Any CPU
		{69CCECAB-933B-45E3-9757-F9AE209C875C}.Ad-Hoc|x64.ActiveCfg = Release|Any CPU
		{69CCECAB-933B-45E3-9757-F9AE209C875C}.Ad-Hoc|x64.Build.0 = Release|Any CPU
		{69CCECAB-933B-45E3-9757-F9AE209C875C}.Ad-Hoc|x64.Deploy.0 = Release|Any CPU
		{69CCECAB-933B-45E3-9757-F9AE209C875C}.Ad-Hoc|x86.ActiveCfg = Release|Any CPU
		{69CCECAB-933B-45E3-9757-F9AE209C875C}.Ad-Hoc|x86.Build.0 = Release|Any CPU
		{69CCECAB-933B-45E3-9757-F9AE209C875C}.Ad-Hoc|x86.Deploy.0 = Release|Any CPU
		{69CCECAB-933B-45E3-9757-F9AE209C875C}.AppStore|Any CPU.ActiveCfg = Release|Any CPU
		{69CCECAB-933B-45E3-9757-F9AE209C875C}.AppStore|Any CPU.Build.0 = Release|Any CPU
		{69CCECAB-933B-45E3-9757-F9AE209C875C}.AppStore|Any CPU.Deploy.0 = Release|Any CPU
		{69CCECAB-933B-45E3-9757-F9AE209C875C}.AppStore|ARM.ActiveCfg = Release|Any CPU
		{69CCECAB-933B-45E3-9757-F9AE209C875C}.AppStore|ARM.Build.0 = Release|Any CPU
		{69CCECAB-933B-45E3-9757-F9AE209C875C}.AppStore|ARM.Deploy.0 = Release|Any CPU
		{69CCECAB-933B-45E3-9757-F9AE209C875C}.AppStore|iPhone.ActiveCfg = Release|Any CPU
		{69CCECAB-933B-45E3-9757-F9AE209C875C}.AppStore|iPhone.Build.0 = Release|Any CPU
		{69CCECAB-933B-45E3-9757-F9AE209C875C}.AppStore|iPhone.Deploy.0 = Release|Any CPU
		{69CCECAB-933B-45E3-9757-F9AE209C875C}.AppStore|iPhoneSimulator.ActiveCfg = Release|Any CPU
		{69CCECAB-933B-45E3-9757-F9AE209C875C}.AppStore|iPhoneSimulator.Build.0 = Release|Any CPU
		{69CCECAB-933B-45E3-9757-F9AE209C875C}.AppStore|iPhoneSimulator.Deploy.0 = Release|Any CPU
		{69CCECAB-933B-45E3-9757-F9AE209C875C}.AppStore|x64.ActiveCfg = Release|Any CPU
		{69CCECAB-933B-45E3-9757-F9AE209C875C}.AppStore|x64.Build.0 = Release|Any CPU
		{69CCECAB-933B-45E3-9757-F9AE209C875C}.AppStore|x64.Deploy.0 = Release|Any CPU
		{69CCECAB-933B-45E3-9757-F9AE209C875C}.AppStore|x86.ActiveCfg = Release|Any CPU
		{69CCECAB-933B-45E3-9757-F9AE209C875C}.AppStore|x86.Build.0 = Release|Any CPU
		{69CCECAB-933B-45E3-9757-F9AE209C875C}.AppStore|x86.Deploy.0 = Release|Any CPU
		{69CCECAB-933B-45E3-9757-F9AE209C875C}.Debug|Any CPU.ActiveCfg = Debug|Any CPU
		{69CCECAB-933B-45E3-9757-F9AE209C875C}.Debug|Any CPU.Build.0 = Debug|Any CPU
		{69CCECAB-933B-45E3-9757-F9AE209C875C}.Debug|Any CPU.Deploy.0 = Debug|Any CPU
		{69CCECAB-933B-45E3-9757-F9AE209C875C}.Debug|ARM.ActiveCfg = Debug|Any CPU
		{69CCECAB-933B-45E3-9757-F9AE209C875C}.Debug|ARM.Build.0 = Debug|Any CPU
		{69CCECAB-933B-45E3-9757-F9AE209C875C}.Debug|ARM.Deploy.0 = Debug|Any CPU
		{69CCECAB-933B-45E3-9757-F9AE209C875C}.Debug|iPhone.ActiveCfg = Debug|Any CPU
		{69CCECAB-933B-45E3-9757-F9AE209C875C}.Debug|iPhone.Build.0 = Debug|Any CPU
		{69CCECAB-933B-45E3-9757-F9AE209C875C}.Debug|iPhone.Deploy.0 = Debug|Any CPU
		{69CCECAB-933B-45E3-9757-F9AE209C875C}.Debug|iPhoneSimulator.ActiveCfg = Debug|Any CPU
		{69CCECAB-933B-45E3-9757-F9AE209C875C}.Debug|iPhoneSimulator.Build.0 = Debug|Any CPU
		{69CCECAB-933B-45E3-9757-F9AE209C875C}.Debug|iPhoneSimulator.Deploy.0 = Debug|Any CPU
		{69CCECAB-933B-45E3-9757-F9AE209C875C}.Debug|x64.ActiveCfg = Debug|Any CPU
		{69CCECAB-933B-45E3-9757-F9AE209C875C}.Debug|x64.Build.0 = Debug|Any CPU
		{69CCECAB-933B-45E3-9757-F9AE209C875C}.Debug|x64.Deploy.0 = Debug|Any CPU
		{69CCECAB-933B-45E3-9757-F9AE209C875C}.Debug|x86.ActiveCfg = Debug|Any CPU
		{69CCECAB-933B-45E3-9757-F9AE209C875C}.Debug|x86.Build.0 = Debug|Any CPU
		{69CCECAB-933B-45E3-9757-F9AE209C875C}.Debug|x86.Deploy.0 = Debug|Any CPU
		{69CCECAB-933B-45E3-9757-F9AE209C875C}.Release|Any CPU.ActiveCfg = Release|Any CPU
		{69CCECAB-933B-45E3-9757-F9AE209C875C}.Release|Any CPU.Build.0 = Release|Any CPU
		{69CCECAB-933B-45E3-9757-F9AE209C875C}.Release|Any CPU.Deploy.0 = Release|Any CPU
		{69CCECAB-933B-45E3-9757-F9AE209C875C}.Release|ARM.ActiveCfg = Release|Any CPU
		{69CCECAB-933B-45E3-9757-F9AE209C875C}.Release|ARM.Build.0 = Release|Any CPU
		{69CCECAB-933B-45E3-9757-F9AE209C875C}.Release|ARM.Deploy.0 = Release|Any CPU
		{69CCECAB-933B-45E3-9757-F9AE209C875C}.Release|iPhone.ActiveCfg = Release|Any CPU
		{69CCECAB-933B-45E3-9757-F9AE209C875C}.Release|iPhone.Build.0 = Release|Any CPU
		{69CCECAB-933B-45E3-9757-F9AE209C875C}.Release|iPhone.Deploy.0 = Release|Any CPU
		{69CCECAB-933B-45E3-9757-F9AE209C875C}.Release|iPhoneSimulator.ActiveCfg = Release|Any CPU
		{69CCECAB-933B-45E3-9757-F9AE209C875C}.Release|iPhoneSimulator.Build.0 = Release|Any CPU
		{69CCECAB-933B-45E3-9757-F9AE209C875C}.Release|iPhoneSimulator.Deploy.0 = Release|Any CPU
		{69CCECAB-933B-45E3-9757-F9AE209C875C}.Release|x64.ActiveCfg = Release|Any CPU
		{69CCECAB-933B-45E3-9757-F9AE209C875C}.Release|x64.Build.0 = Release|Any CPU
		{69CCECAB-933B-45E3-9757-F9AE209C875C}.Release|x64.Deploy.0 = Release|Any CPU
		{69CCECAB-933B-45E3-9757-F9AE209C875C}.Release|x86.ActiveCfg = Release|Any CPU
		{69CCECAB-933B-45E3-9757-F9AE209C875C}.Release|x86.Build.0 = Release|Any CPU
		{69CCECAB-933B-45E3-9757-F9AE209C875C}.Release|x86.Deploy.0 = Release|Any CPU
		{D2323608-E14F-4B8D-8A13-B7A893511AD0}.Ad-Hoc|Any CPU.ActiveCfg = Ad-Hoc|iPhone
		{D2323608-E14F-4B8D-8A13-B7A893511AD0}.Ad-Hoc|ARM.ActiveCfg = Ad-Hoc|iPhone
		{D2323608-E14F-4B8D-8A13-B7A893511AD0}.Ad-Hoc|iPhone.ActiveCfg = Ad-Hoc|iPhone
		{D2323608-E14F-4B8D-8A13-B7A893511AD0}.Ad-Hoc|iPhone.Build.0 = Ad-Hoc|iPhone
		{D2323608-E14F-4B8D-8A13-B7A893511AD0}.Ad-Hoc|iPhoneSimulator.ActiveCfg = Ad-Hoc|iPhoneSimulator
		{D2323608-E14F-4B8D-8A13-B7A893511AD0}.Ad-Hoc|iPhoneSimulator.Build.0 = Ad-Hoc|iPhoneSimulator
		{D2323608-E14F-4B8D-8A13-B7A893511AD0}.Ad-Hoc|x64.ActiveCfg = Ad-Hoc|iPhone
		{D2323608-E14F-4B8D-8A13-B7A893511AD0}.Ad-Hoc|x86.ActiveCfg = Ad-Hoc|iPhone
		{D2323608-E14F-4B8D-8A13-B7A893511AD0}.AppStore|Any CPU.ActiveCfg = AppStore|iPhone
		{D2323608-E14F-4B8D-8A13-B7A893511AD0}.AppStore|ARM.ActiveCfg = AppStore|iPhone
		{D2323608-E14F-4B8D-8A13-B7A893511AD0}.AppStore|iPhone.ActiveCfg = AppStore|iPhone
		{D2323608-E14F-4B8D-8A13-B7A893511AD0}.AppStore|iPhone.Build.0 = AppStore|iPhone
		{D2323608-E14F-4B8D-8A13-B7A893511AD0}.AppStore|iPhoneSimulator.ActiveCfg = AppStore|iPhoneSimulator
		{D2323608-E14F-4B8D-8A13-B7A893511AD0}.AppStore|iPhoneSimulator.Build.0 = AppStore|iPhoneSimulator
		{D2323608-E14F-4B8D-8A13-B7A893511AD0}.AppStore|x64.ActiveCfg = AppStore|iPhone
		{D2323608-E14F-4B8D-8A13-B7A893511AD0}.AppStore|x86.ActiveCfg = AppStore|iPhone
		{D2323608-E14F-4B8D-8A13-B7A893511AD0}.Debug|Any CPU.ActiveCfg = Debug|iPhone
		{D2323608-E14F-4B8D-8A13-B7A893511AD0}.Debug|ARM.ActiveCfg = Debug|iPhone
		{D2323608-E14F-4B8D-8A13-B7A893511AD0}.Debug|iPhone.ActiveCfg = Debug|iPhone
		{D2323608-E14F-4B8D-8A13-B7A893511AD0}.Debug|iPhone.Build.0 = Debug|iPhone
		{D2323608-E14F-4B8D-8A13-B7A893511AD0}.Debug|iPhoneSimulator.ActiveCfg = Debug|iPhoneSimulator
		{D2323608-E14F-4B8D-8A13-B7A893511AD0}.Debug|iPhoneSimulator.Build.0 = Debug|iPhoneSimulator
		{D2323608-E14F-4B8D-8A13-B7A893511AD0}.Debug|x64.ActiveCfg = Debug|iPhone
		{D2323608-E14F-4B8D-8A13-B7A893511AD0}.Debug|x86.ActiveCfg = Debug|iPhone
		{D2323608-E14F-4B8D-8A13-B7A893511AD0}.Release|Any CPU.ActiveCfg = Release|iPhone
		{D2323608-E14F-4B8D-8A13-B7A893511AD0}.Release|ARM.ActiveCfg = Release|iPhone
		{D2323608-E14F-4B8D-8A13-B7A893511AD0}.Release|iPhone.ActiveCfg = Release|iPhone
		{D2323608-E14F-4B8D-8A13-B7A893511AD0}.Release|iPhone.Build.0 = Release|iPhone
		{D2323608-E14F-4B8D-8A13-B7A893511AD0}.Release|iPhoneSimulator.ActiveCfg = Release|iPhoneSimulator
		{D2323608-E14F-4B8D-8A13-B7A893511AD0}.Release|iPhoneSimulator.Build.0 = Release|iPhoneSimulator
		{D2323608-E14F-4B8D-8A13-B7A893511AD0}.Release|x64.ActiveCfg = Release|iPhone
		{D2323608-E14F-4B8D-8A13-B7A893511AD0}.Release|x86.ActiveCfg = Release|iPhone
		{CF8A6027-7BC4-4AC4-AB62-DD8E49C1ABA8}.Ad-Hoc|Any CPU.ActiveCfg = Release|Any CPU
		{CF8A6027-7BC4-4AC4-AB62-DD8E49C1ABA8}.Ad-Hoc|Any CPU.Build.0 = Release|Any CPU
		{CF8A6027-7BC4-4AC4-AB62-DD8E49C1ABA8}.Ad-Hoc|Any CPU.Deploy.0 = Release|Any CPU
		{CF8A6027-7BC4-4AC4-AB62-DD8E49C1ABA8}.Ad-Hoc|ARM.ActiveCfg = Release|ARM
		{CF8A6027-7BC4-4AC4-AB62-DD8E49C1ABA8}.Ad-Hoc|ARM.Build.0 = Release|ARM
		{CF8A6027-7BC4-4AC4-AB62-DD8E49C1ABA8}.Ad-Hoc|ARM.Deploy.0 = Release|ARM
		{CF8A6027-7BC4-4AC4-AB62-DD8E49C1ABA8}.Ad-Hoc|iPhone.ActiveCfg = Release|Any CPU
		{CF8A6027-7BC4-4AC4-AB62-DD8E49C1ABA8}.Ad-Hoc|iPhone.Build.0 = Release|Any CPU
		{CF8A6027-7BC4-4AC4-AB62-DD8E49C1ABA8}.Ad-Hoc|iPhone.Deploy.0 = Release|Any CPU
		{CF8A6027-7BC4-4AC4-AB62-DD8E49C1ABA8}.Ad-Hoc|iPhoneSimulator.ActiveCfg = Release|Any CPU
		{CF8A6027-7BC4-4AC4-AB62-DD8E49C1ABA8}.Ad-Hoc|iPhoneSimulator.Build.0 = Release|Any CPU
		{CF8A6027-7BC4-4AC4-AB62-DD8E49C1ABA8}.Ad-Hoc|iPhoneSimulator.Deploy.0 = Release|Any CPU
		{CF8A6027-7BC4-4AC4-AB62-DD8E49C1ABA8}.Ad-Hoc|x64.ActiveCfg = Release|Any CPU
		{CF8A6027-7BC4-4AC4-AB62-DD8E49C1ABA8}.Ad-Hoc|x64.Build.0 = Release|Any CPU
		{CF8A6027-7BC4-4AC4-AB62-DD8E49C1ABA8}.Ad-Hoc|x64.Deploy.0 = Release|Any CPU
		{CF8A6027-7BC4-4AC4-AB62-DD8E49C1ABA8}.Ad-Hoc|x86.ActiveCfg = Release|x86
		{CF8A6027-7BC4-4AC4-AB62-DD8E49C1ABA8}.Ad-Hoc|x86.Build.0 = Release|x86
		{CF8A6027-7BC4-4AC4-AB62-DD8E49C1ABA8}.Ad-Hoc|x86.Deploy.0 = Release|x86
		{CF8A6027-7BC4-4AC4-AB62-DD8E49C1ABA8}.AppStore|Any CPU.ActiveCfg = Release|Any CPU
		{CF8A6027-7BC4-4AC4-AB62-DD8E49C1ABA8}.AppStore|Any CPU.Build.0 = Release|Any CPU
		{CF8A6027-7BC4-4AC4-AB62-DD8E49C1ABA8}.AppStore|Any CPU.Deploy.0 = Release|Any CPU
		{CF8A6027-7BC4-4AC4-AB62-DD8E49C1ABA8}.AppStore|ARM.ActiveCfg = Release|ARM
		{CF8A6027-7BC4-4AC4-AB62-DD8E49C1ABA8}.AppStore|ARM.Build.0 = Release|ARM
		{CF8A6027-7BC4-4AC4-AB62-DD8E49C1ABA8}.AppStore|ARM.Deploy.0 = Release|ARM
		{CF8A6027-7BC4-4AC4-AB62-DD8E49C1ABA8}.AppStore|iPhone.ActiveCfg = Release|Any CPU
		{CF8A6027-7BC4-4AC4-AB62-DD8E49C1ABA8}.AppStore|iPhone.Build.0 = Release|Any CPU
		{CF8A6027-7BC4-4AC4-AB62-DD8E49C1ABA8}.AppStore|iPhone.Deploy.0 = Release|Any CPU
		{CF8A6027-7BC4-4AC4-AB62-DD8E49C1ABA8}.AppStore|iPhoneSimulator.ActiveCfg = Release|Any CPU
		{CF8A6027-7BC4-4AC4-AB62-DD8E49C1ABA8}.AppStore|iPhoneSimulator.Build.0 = Release|Any CPU
		{CF8A6027-7BC4-4AC4-AB62-DD8E49C1ABA8}.AppStore|iPhoneSimulator.Deploy.0 = Release|Any CPU
		{CF8A6027-7BC4-4AC4-AB62-DD8E49C1ABA8}.AppStore|x64.ActiveCfg = Release|Any CPU
		{CF8A6027-7BC4-4AC4-AB62-DD8E49C1ABA8}.AppStore|x64.Build.0 = Release|Any CPU
		{CF8A6027-7BC4-4AC4-AB62-DD8E49C1ABA8}.AppStore|x64.Deploy.0 = Release|Any CPU
		{CF8A6027-7BC4-4AC4-AB62-DD8E49C1ABA8}.AppStore|x86.ActiveCfg = Release|x86
		{CF8A6027-7BC4-4AC4-AB62-DD8E49C1ABA8}.AppStore|x86.Build.0 = Release|x86
		{CF8A6027-7BC4-4AC4-AB62-DD8E49C1ABA8}.AppStore|x86.Deploy.0 = Release|x86
		{CF8A6027-7BC4-4AC4-AB62-DD8E49C1ABA8}.Debug|Any CPU.ActiveCfg = Debug|Any CPU
		{CF8A6027-7BC4-4AC4-AB62-DD8E49C1ABA8}.Debug|Any CPU.Build.0 = Debug|Any CPU
		{CF8A6027-7BC4-4AC4-AB62-DD8E49C1ABA8}.Debug|Any CPU.Deploy.0 = Debug|Any CPU
		{CF8A6027-7BC4-4AC4-AB62-DD8E49C1ABA8}.Debug|ARM.ActiveCfg = Debug|ARM
		{CF8A6027-7BC4-4AC4-AB62-DD8E49C1ABA8}.Debug|ARM.Build.0 = Debug|ARM
		{CF8A6027-7BC4-4AC4-AB62-DD8E49C1ABA8}.Debug|ARM.Deploy.0 = Debug|ARM
		{CF8A6027-7BC4-4AC4-AB62-DD8E49C1ABA8}.Debug|iPhone.ActiveCfg = Debug|Any CPU
		{CF8A6027-7BC4-4AC4-AB62-DD8E49C1ABA8}.Debug|iPhone.Build.0 = Debug|Any CPU
		{CF8A6027-7BC4-4AC4-AB62-DD8E49C1ABA8}.Debug|iPhone.Deploy.0 = Debug|Any CPU
		{CF8A6027-7BC4-4AC4-AB62-DD8E49C1ABA8}.Debug|iPhoneSimulator.ActiveCfg = Debug|Any CPU
		{CF8A6027-7BC4-4AC4-AB62-DD8E49C1ABA8}.Debug|iPhoneSimulator.Build.0 = Debug|Any CPU
		{CF8A6027-7BC4-4AC4-AB62-DD8E49C1ABA8}.Debug|iPhoneSimulator.Deploy.0 = Debug|Any CPU
		{CF8A6027-7BC4-4AC4-AB62-DD8E49C1ABA8}.Debug|x64.ActiveCfg = Debug|Any CPU
		{CF8A6027-7BC4-4AC4-AB62-DD8E49C1ABA8}.Debug|x64.Build.0 = Debug|Any CPU
		{CF8A6027-7BC4-4AC4-AB62-DD8E49C1ABA8}.Debug|x64.Deploy.0 = Debug|Any CPU
		{CF8A6027-7BC4-4AC4-AB62-DD8E49C1ABA8}.Debug|x86.ActiveCfg = Debug|x86
		{CF8A6027-7BC4-4AC4-AB62-DD8E49C1ABA8}.Debug|x86.Build.0 = Debug|x86
		{CF8A6027-7BC4-4AC4-AB62-DD8E49C1ABA8}.Debug|x86.Deploy.0 = Debug|x86
		{CF8A6027-7BC4-4AC4-AB62-DD8E49C1ABA8}.Release|Any CPU.ActiveCfg = Release|Any CPU
		{CF8A6027-7BC4-4AC4-AB62-DD8E49C1ABA8}.Release|Any CPU.Build.0 = Release|Any CPU
		{CF8A6027-7BC4-4AC4-AB62-DD8E49C1ABA8}.Release|Any CPU.Deploy.0 = Release|Any CPU
		{CF8A6027-7BC4-4AC4-AB62-DD8E49C1ABA8}.Release|ARM.ActiveCfg = Release|ARM
		{CF8A6027-7BC4-4AC4-AB62-DD8E49C1ABA8}.Release|ARM.Build.0 = Release|ARM
		{CF8A6027-7BC4-4AC4-AB62-DD8E49C1ABA8}.Release|ARM.Deploy.0 = Release|ARM
		{CF8A6027-7BC4-4AC4-AB62-DD8E49C1ABA8}.Release|iPhone.ActiveCfg = Release|Any CPU
		{CF8A6027-7BC4-4AC4-AB62-DD8E49C1ABA8}.Release|iPhone.Build.0 = Release|Any CPU
		{CF8A6027-7BC4-4AC4-AB62-DD8E49C1ABA8}.Release|iPhone.Deploy.0 = Release|Any CPU
		{CF8A6027-7BC4-4AC4-AB62-DD8E49C1ABA8}.Release|iPhoneSimulator.ActiveCfg = Release|Any CPU
		{CF8A6027-7BC4-4AC4-AB62-DD8E49C1ABA8}.Release|iPhoneSimulator.Build.0 = Release|Any CPU
		{CF8A6027-7BC4-4AC4-AB62-DD8E49C1ABA8}.Release|iPhoneSimulator.Deploy.0 = Release|Any CPU
		{CF8A6027-7BC4-4AC4-AB62-DD8E49C1ABA8}.Release|x64.ActiveCfg = Release|Any CPU
		{CF8A6027-7BC4-4AC4-AB62-DD8E49C1ABA8}.Release|x64.Build.0 = Release|Any CPU
		{CF8A6027-7BC4-4AC4-AB62-DD8E49C1ABA8}.Release|x64.Deploy.0 = Release|Any CPU
		{CF8A6027-7BC4-4AC4-AB62-DD8E49C1ABA8}.Release|x86.ActiveCfg = Release|x86
		{CF8A6027-7BC4-4AC4-AB62-DD8E49C1ABA8}.Release|x86.Build.0 = Release|x86
		{CF8A6027-7BC4-4AC4-AB62-DD8E49C1ABA8}.Release|x86.Deploy.0 = Release|x86
		{44D520E4-4852-470C-8987-51051563F750}.Ad-Hoc|Any CPU.ActiveCfg = Release|x86
		{44D520E4-4852-470C-8987-51051563F750}.Ad-Hoc|Any CPU.Build.0 = Release|x86
		{44D520E4-4852-470C-8987-51051563F750}.Ad-Hoc|Any CPU.Deploy.0 = Release|x86
		{44D520E4-4852-470C-8987-51051563F750}.Ad-Hoc|ARM.ActiveCfg = Release|ARM
		{44D520E4-4852-470C-8987-51051563F750}.Ad-Hoc|ARM.Build.0 = Release|ARM
		{44D520E4-4852-470C-8987-51051563F750}.Ad-Hoc|ARM.Deploy.0 = Release|ARM
		{44D520E4-4852-470C-8987-51051563F750}.Ad-Hoc|iPhone.ActiveCfg = Release|x86
		{44D520E4-4852-470C-8987-51051563F750}.Ad-Hoc|iPhone.Build.0 = Release|x86
		{44D520E4-4852-470C-8987-51051563F750}.Ad-Hoc|iPhone.Deploy.0 = Release|x86
		{44D520E4-4852-470C-8987-51051563F750}.Ad-Hoc|iPhoneSimulator.ActiveCfg = Release|x86
		{44D520E4-4852-470C-8987-51051563F750}.Ad-Hoc|iPhoneSimulator.Build.0 = Release|x86
		{44D520E4-4852-470C-8987-51051563F750}.Ad-Hoc|iPhoneSimulator.Deploy.0 = Release|x86
		{44D520E4-4852-470C-8987-51051563F750}.Ad-Hoc|x64.ActiveCfg = Release|x64
		{44D520E4-4852-470C-8987-51051563F750}.Ad-Hoc|x64.Build.0 = Release|x64
		{44D520E4-4852-470C-8987-51051563F750}.Ad-Hoc|x64.Deploy.0 = Release|x64
		{44D520E4-4852-470C-8987-51051563F750}.Ad-Hoc|x86.ActiveCfg = Release|x86
		{44D520E4-4852-470C-8987-51051563F750}.Ad-Hoc|x86.Build.0 = Release|x86
		{44D520E4-4852-470C-8987-51051563F750}.Ad-Hoc|x86.Deploy.0 = Release|x86
		{44D520E4-4852-470C-8987-51051563F750}.AppStore|Any CPU.ActiveCfg = Release|x86
		{44D520E4-4852-470C-8987-51051563F750}.AppStore|Any CPU.Build.0 = Release|x86
		{44D520E4-4852-470C-8987-51051563F750}.AppStore|Any CPU.Deploy.0 = Release|x86
		{44D520E4-4852-470C-8987-51051563F750}.AppStore|ARM.ActiveCfg = Release|ARM
		{44D520E4-4852-470C-8987-51051563F750}.AppStore|ARM.Build.0 = Release|ARM
		{44D520E4-4852-470C-8987-51051563F750}.AppStore|ARM.Deploy.0 = Release|ARM
		{44D520E4-4852-470C-8987-51051563F750}.AppStore|iPhone.ActiveCfg = Release|x86
		{44D520E4-4852-470C-8987-51051563F750}.AppStore|iPhone.Build.0 = Release|x86
		{44D520E4-4852-470C-8987-51051563F750}.AppStore|iPhone.Deploy.0 = Release|x86
		{44D520E4-4852-470C-8987-51051563F750}.AppStore|iPhoneSimulator.ActiveCfg = Release|x86
		{44D520E4-4852-470C-8987-51051563F750}.AppStore|iPhoneSimulator.Build.0 = Release|x86
		{44D520E4-4852-470C-8987-51051563F750}.AppStore|iPhoneSimulator.Deploy.0 = Release|x86
		{44D520E4-4852-470C-8987-51051563F750}.AppStore|x64.ActiveCfg = Release|x64
		{44D520E4-4852-470C-8987-51051563F750}.AppStore|x64.Build.0 = Release|x64
		{44D520E4-4852-470C-8987-51051563F750}.AppStore|x64.Deploy.0 = Release|x64
		{44D520E4-4852-470C-8987-51051563F750}.AppStore|x86.ActiveCfg = Release|x86
		{44D520E4-4852-470C-8987-51051563F750}.AppStore|x86.Build.0 = Release|x86
		{44D520E4-4852-470C-8987-51051563F750}.AppStore|x86.Deploy.0 = Release|x86
		{44D520E4-4852-470C-8987-51051563F750}.Debug|Any CPU.ActiveCfg = Debug|x86
		{44D520E4-4852-470C-8987-51051563F750}.Debug|ARM.ActiveCfg = Debug|ARM
		{44D520E4-4852-470C-8987-51051563F750}.Debug|ARM.Build.0 = Debug|ARM
		{44D520E4-4852-470C-8987-51051563F750}.Debug|ARM.Deploy.0 = Debug|ARM
		{44D520E4-4852-470C-8987-51051563F750}.Debug|iPhone.ActiveCfg = Debug|x86
		{44D520E4-4852-470C-8987-51051563F750}.Debug|iPhoneSimulator.ActiveCfg = Debug|x86
		{44D520E4-4852-470C-8987-51051563F750}.Debug|x64.ActiveCfg = Debug|x64
		{44D520E4-4852-470C-8987-51051563F750}.Debug|x64.Build.0 = Debug|x64
		{44D520E4-4852-470C-8987-51051563F750}.Debug|x64.Deploy.0 = Debug|x64
		{44D520E4-4852-470C-8987-51051563F750}.Debug|x86.ActiveCfg = Debug|x86
		{44D520E4-4852-470C-8987-51051563F750}.Debug|x86.Build.0 = Debug|x86
		{44D520E4-4852-470C-8987-51051563F750}.Debug|x86.Deploy.0 = Debug|x86
		{44D520E4-4852-470C-8987-51051563F750}.Release|Any CPU.ActiveCfg = Release|x86
		{44D520E4-4852-470C-8987-51051563F750}.Release|ARM.ActiveCfg = Release|ARM
		{44D520E4-4852-470C-8987-51051563F750}.Release|ARM.Build.0 = Release|ARM
		{44D520E4-4852-470C-8987-51051563F750}.Release|ARM.Deploy.0 = Release|ARM
		{44D520E4-4852-470C-8987-51051563F750}.Release|iPhone.ActiveCfg = Release|x86
		{44D520E4-4852-470C-8987-51051563F750}.Release|iPhoneSimulator.ActiveCfg = Release|x86
		{44D520E4-4852-470C-8987-51051563F750}.Release|x64.ActiveCfg = Release|x64
		{44D520E4-4852-470C-8987-51051563F750}.Release|x64.Build.0 = Release|x64
		{44D520E4-4852-470C-8987-51051563F750}.Release|x64.Deploy.0 = Release|x64
		{44D520E4-4852-470C-8987-51051563F750}.Release|x86.ActiveCfg = Release|x86
		{44D520E4-4852-470C-8987-51051563F750}.Release|x86.Build.0 = Release|x86
		{44D520E4-4852-470C-8987-51051563F750}.Release|x86.Deploy.0 = Release|x86
		{CD8E06C4-85D2-4205-A38C-799B4CF198D5}.Ad-Hoc|Any CPU.ActiveCfg = Release|Any CPU
		{CD8E06C4-85D2-4205-A38C-799B4CF198D5}.Ad-Hoc|Any CPU.Build.0 = Release|Any CPU
		{CD8E06C4-85D2-4205-A38C-799B4CF198D5}.Ad-Hoc|Any CPU.Deploy.0 = Release|Any CPU
		{CD8E06C4-85D2-4205-A38C-799B4CF198D5}.Ad-Hoc|ARM.ActiveCfg = Release|ARM
		{CD8E06C4-85D2-4205-A38C-799B4CF198D5}.Ad-Hoc|ARM.Build.0 = Release|ARM
		{CD8E06C4-85D2-4205-A38C-799B4CF198D5}.Ad-Hoc|ARM.Deploy.0 = Release|ARM
		{CD8E06C4-85D2-4205-A38C-799B4CF198D5}.Ad-Hoc|iPhone.ActiveCfg = Release|Any CPU
		{CD8E06C4-85D2-4205-A38C-799B4CF198D5}.Ad-Hoc|iPhone.Build.0 = Release|Any CPU
		{CD8E06C4-85D2-4205-A38C-799B4CF198D5}.Ad-Hoc|iPhone.Deploy.0 = Release|Any CPU
		{CD8E06C4-85D2-4205-A38C-799B4CF198D5}.Ad-Hoc|iPhoneSimulator.ActiveCfg = Release|Any CPU
		{CD8E06C4-85D2-4205-A38C-799B4CF198D5}.Ad-Hoc|iPhoneSimulator.Build.0 = Release|Any CPU
		{CD8E06C4-85D2-4205-A38C-799B4CF198D5}.Ad-Hoc|iPhoneSimulator.Deploy.0 = Release|Any CPU
		{CD8E06C4-85D2-4205-A38C-799B4CF198D5}.Ad-Hoc|x64.ActiveCfg = Release|x64
		{CD8E06C4-85D2-4205-A38C-799B4CF198D5}.Ad-Hoc|x64.Build.0 = Release|x64
		{CD8E06C4-85D2-4205-A38C-799B4CF198D5}.Ad-Hoc|x64.Deploy.0 = Release|x64
		{CD8E06C4-85D2-4205-A38C-799B4CF198D5}.Ad-Hoc|x86.ActiveCfg = Release|x86
		{CD8E06C4-85D2-4205-A38C-799B4CF198D5}.Ad-Hoc|x86.Build.0 = Release|x86
		{CD8E06C4-85D2-4205-A38C-799B4CF198D5}.Ad-Hoc|x86.Deploy.0 = Release|x86
		{CD8E06C4-85D2-4205-A38C-799B4CF198D5}.AppStore|Any CPU.ActiveCfg = Release|Any CPU
		{CD8E06C4-85D2-4205-A38C-799B4CF198D5}.AppStore|Any CPU.Build.0 = Release|Any CPU
		{CD8E06C4-85D2-4205-A38C-799B4CF198D5}.AppStore|Any CPU.Deploy.0 = Release|Any CPU
		{CD8E06C4-85D2-4205-A38C-799B4CF198D5}.AppStore|ARM.ActiveCfg = Release|ARM
		{CD8E06C4-85D2-4205-A38C-799B4CF198D5}.AppStore|ARM.Build.0 = Release|ARM
		{CD8E06C4-85D2-4205-A38C-799B4CF198D5}.AppStore|ARM.Deploy.0 = Release|ARM
		{CD8E06C4-85D2-4205-A38C-799B4CF198D5}.AppStore|iPhone.ActiveCfg = Release|Any CPU
		{CD8E06C4-85D2-4205-A38C-799B4CF198D5}.AppStore|iPhone.Build.0 = Release|Any CPU
		{CD8E06C4-85D2-4205-A38C-799B4CF198D5}.AppStore|iPhone.Deploy.0 = Release|Any CPU
		{CD8E06C4-85D2-4205-A38C-799B4CF198D5}.AppStore|iPhoneSimulator.ActiveCfg = Release|Any CPU
		{CD8E06C4-85D2-4205-A38C-799B4CF198D5}.AppStore|iPhoneSimulator.Build.0 = Release|Any CPU
		{CD8E06C4-85D2-4205-A38C-799B4CF198D5}.AppStore|iPhoneSimulator.Deploy.0 = Release|Any CPU
		{CD8E06C4-85D2-4205-A38C-799B4CF198D5}.AppStore|x64.ActiveCfg = Release|x64
		{CD8E06C4-85D2-4205-A38C-799B4CF198D5}.AppStore|x64.Build.0 = Release|x64
		{CD8E06C4-85D2-4205-A38C-799B4CF198D5}.AppStore|x64.Deploy.0 = Release|x64
		{CD8E06C4-85D2-4205-A38C-799B4CF198D5}.AppStore|x86.ActiveCfg = Release|x86
		{CD8E06C4-85D2-4205-A38C-799B4CF198D5}.AppStore|x86.Build.0 = Release|x86
		{CD8E06C4-85D2-4205-A38C-799B4CF198D5}.AppStore|x86.Deploy.0 = Release|x86
		{CD8E06C4-85D2-4205-A38C-799B4CF198D5}.Debug|Any CPU.ActiveCfg = Debug|Any CPU
		{CD8E06C4-85D2-4205-A38C-799B4CF198D5}.Debug|Any CPU.Build.0 = Debug|Any CPU
		{CD8E06C4-85D2-4205-A38C-799B4CF198D5}.Debug|Any CPU.Deploy.0 = Debug|Any CPU
		{CD8E06C4-85D2-4205-A38C-799B4CF198D5}.Debug|ARM.ActiveCfg = Debug|ARM
		{CD8E06C4-85D2-4205-A38C-799B4CF198D5}.Debug|ARM.Build.0 = Debug|ARM
		{CD8E06C4-85D2-4205-A38C-799B4CF198D5}.Debug|ARM.Deploy.0 = Debug|ARM
		{CD8E06C4-85D2-4205-A38C-799B4CF198D5}.Debug|iPhone.ActiveCfg = Debug|Any CPU
		{CD8E06C4-85D2-4205-A38C-799B4CF198D5}.Debug|iPhone.Build.0 = Debug|Any CPU
		{CD8E06C4-85D2-4205-A38C-799B4CF198D5}.Debug|iPhone.Deploy.0 = Debug|Any CPU
		{CD8E06C4-85D2-4205-A38C-799B4CF198D5}.Debug|iPhoneSimulator.ActiveCfg = Debug|Any CPU
		{CD8E06C4-85D2-4205-A38C-799B4CF198D5}.Debug|iPhoneSimulator.Build.0 = Debug|Any CPU
		{CD8E06C4-85D2-4205-A38C-799B4CF198D5}.Debug|iPhoneSimulator.Deploy.0 = Debug|Any CPU
		{CD8E06C4-85D2-4205-A38C-799B4CF198D5}.Debug|x64.ActiveCfg = Debug|x64
		{CD8E06C4-85D2-4205-A38C-799B4CF198D5}.Debug|x64.Build.0 = Debug|x64
		{CD8E06C4-85D2-4205-A38C-799B4CF198D5}.Debug|x64.Deploy.0 = Debug|x64
		{CD8E06C4-85D2-4205-A38C-799B4CF198D5}.Debug|x86.ActiveCfg = Debug|x86
		{CD8E06C4-85D2-4205-A38C-799B4CF198D5}.Debug|x86.Build.0 = Debug|x86
		{CD8E06C4-85D2-4205-A38C-799B4CF198D5}.Debug|x86.Deploy.0 = Debug|x86
		{CD8E06C4-85D2-4205-A38C-799B4CF198D5}.Release|Any CPU.ActiveCfg = Release|Any CPU
		{CD8E06C4-85D2-4205-A38C-799B4CF198D5}.Release|Any CPU.Build.0 = Release|Any CPU
		{CD8E06C4-85D2-4205-A38C-799B4CF198D5}.Release|Any CPU.Deploy.0 = Release|Any CPU
		{CD8E06C4-85D2-4205-A38C-799B4CF198D5}.Release|ARM.ActiveCfg = Release|ARM
		{CD8E06C4-85D2-4205-A38C-799B4CF198D5}.Release|ARM.Build.0 = Release|ARM
		{CD8E06C4-85D2-4205-A38C-799B4CF198D5}.Release|ARM.Deploy.0 = Release|ARM
		{CD8E06C4-85D2-4205-A38C-799B4CF198D5}.Release|iPhone.ActiveCfg = Release|Any CPU
		{CD8E06C4-85D2-4205-A38C-799B4CF198D5}.Release|iPhone.Build.0 = Release|Any CPU
		{CD8E06C4-85D2-4205-A38C-799B4CF198D5}.Release|iPhone.Deploy.0 = Release|Any CPU
		{CD8E06C4-85D2-4205-A38C-799B4CF198D5}.Release|iPhoneSimulator.ActiveCfg = Release|Any CPU
		{CD8E06C4-85D2-4205-A38C-799B4CF198D5}.Release|iPhoneSimulator.Build.0 = Release|Any CPU
		{CD8E06C4-85D2-4205-A38C-799B4CF198D5}.Release|iPhoneSimulator.Deploy.0 = Release|Any CPU
		{CD8E06C4-85D2-4205-A38C-799B4CF198D5}.Release|x64.ActiveCfg = Release|x64
		{CD8E06C4-85D2-4205-A38C-799B4CF198D5}.Release|x64.Build.0 = Release|x64
		{CD8E06C4-85D2-4205-A38C-799B4CF198D5}.Release|x64.Deploy.0 = Release|x64
		{CD8E06C4-85D2-4205-A38C-799B4CF198D5}.Release|x86.ActiveCfg = Release|x86
		{CD8E06C4-85D2-4205-A38C-799B4CF198D5}.Release|x86.Build.0 = Release|x86
		{CD8E06C4-85D2-4205-A38C-799B4CF198D5}.Release|x86.Deploy.0 = Release|x86
	EndGlobalSection
	GlobalSection(SolutionProperties) = preSolution
		HideSolutionNode = FALSE
	EndGlobalSection
	GlobalSection(NestedProjects) = preSolution
		{09EE72BC-022B-4C66-B805-706B9B90332D} = {04F2C707-AB7F-4EAC-BEE9-6BCB08A557DA}
		{42808417-9C5A-4CEC-9130-C7BA49A6BEB4} = {04F2C707-AB7F-4EAC-BEE9-6BCB08A557DA}
		{1E95F6AA-4768-4EB5-A363-2773BAEE0178} = {04F2C707-AB7F-4EAC-BEE9-6BCB08A557DA}
		{A6F3639E-F455-4882-9225-87602B537500} = {7ABA2795-6B0C-4848-8207-AE9A9ED7BF54}
		{69CCECAB-933B-45E3-9757-F9AE209C875C} = {7ABA2795-6B0C-4848-8207-AE9A9ED7BF54}
		{D2323608-E14F-4B8D-8A13-B7A893511AD0} = {7ABA2795-6B0C-4848-8207-AE9A9ED7BF54}
		{CF8A6027-7BC4-4AC4-AB62-DD8E49C1ABA8} = {7ABA2795-6B0C-4848-8207-AE9A9ED7BF54}
		{44D520E4-4852-470C-8987-51051563F750} = {7ABA2795-6B0C-4848-8207-AE9A9ED7BF54}
		{CD8E06C4-85D2-4205-A38C-799B4CF198D5} = {7ABA2795-6B0C-4848-8207-AE9A9ED7BF54}
	EndGlobalSection
EndGlobal
